
Microsoft Visual Studio Solution File, Format Version 12.00
# Visual Studio Version 17
VisualStudioVersion = 17.6.33815.320
MinimumVisualStudioVersion = 10.0.40219.1
Project("{FAE04EC0-301F-11D3-BF4B-00C04F79EFBC}") = "MovieApp", "MovieApp.csproj", "{54FAE6FF-2195-48D9-A3F8-89F1A929AB93}"
EndProject
Project("{FAE04EC0-301F-11D3-BF4B-00C04F79EFBC}") = "ClassLibraryMovieApp", "..\ClassLibraryMovieApp\ClassLibraryMovieApp.csproj", "{EB43D0DC-A86D-4CEF-9D95-8D7101BDE08A}"
EndProject
Global
	GlobalSection(SolutionConfigurationPlatforms) = preSolution
		Debug|Any CPU = Debug|Any CPU
		Release|Any CPU = Release|Any CPU
	EndGlobalSection
	GlobalSection(ProjectConfigurationPlatforms) = postSolution
		{54FAE6FF-2195-48D9-A3F8-89F1A929AB93}.Debug|Any CPU.ActiveCfg = Debug|Any CPU
		{54FAE6FF-2195-48D9-A3F8-89F1A929AB93}.Debug|Any CPU.Build.0 = Debug|Any CPU
		{54FAE6FF-2195-48D9-A3F8-89F1A929AB93}.Release|Any CPU.ActiveCfg = Release|Any CPU
		{54FAE6FF-2195-48D9-A3F8-89F1A929AB93}.Release|Any CPU.Build.0 = Release|Any CPU
		{EB43D0DC-A86D-4CEF-9D95-8D7101BDE08A}.Debug|Any CPU.ActiveCfg = Debug|Any CPU
		{EB43D0DC-A86D-4CEF-9D95-8D7101BDE08A}.Debug|Any CPU.Build.0 = Debug|Any CPU
		{EB43D0DC-A86D-4CEF-9D95-8D7101BDE08A}.Release|Any CPU.ActiveCfg = Release|Any CPU
		{EB43D0DC-A86D-4CEF-9D95-8D7101BDE08A}.Release|Any CPU.Build.0 = Release|Any CPU
	EndGlobalSection
	GlobalSection(SolutionProperties) = preSolution
		HideSolutionNode = FALSE
	EndGlobalSection
	GlobalSection(ExtensibilityGlobals) = postSolution
		SolutionGuid = {473DDC7C-F2D9-45E9-84D7-C7B505AB074D}
	EndGlobalSection
EndGlobal
